
Microsoft Visual Studio Solution File, Format Version 12.00
# Visual Studio Version 17
VisualStudioVersion = 17.14.36127.28 d17.14
MinimumVisualStudioVersion = 10.0.40219.1
Project("{FAE04EC0-301F-11D3-BF4B-00C04F79EFBC}") = "UsuariosApp.API", "UsuariosApp.API\UsuariosApp.API.csproj", "{77B326C1-D0B1-46A5-A40D-15256BC9F0D7}"
EndProject
Project("{2150E333-8FDC-42A3-9474-1A3956D46DE8}") = "Itens de Solução", "Itens de Solução", "{380A7511-A354-6D7A-0CC0-8FA1F1BA7B6C}"
	ProjectSection(SolutionItems) = preProject
		docker-compose.yml = docker-compose.yml
	EndProjectSection
EndProject
Global
	GlobalSection(SolutionConfigurationPlatforms) = preSolution
		Debug|Any CPU = Debug|Any CPU
		Release|Any CPU = Release|Any CPU
	EndGlobalSection
	GlobalSection(ProjectConfigurationPlatforms) = postSolution
		{77B326C1-D0B1-46A5-A40D-15256BC9F0D7}.Debug|Any CPU.ActiveCfg = Debug|Any CPU
		{77B326C1-D0B1-46A5-A40D-15256BC9F0D7}.Debug|Any CPU.Build.0 = Debug|Any CPU
		{77B326C1-D0B1-46A5-A40D-15256BC9F0D7}.Release|Any CPU.ActiveCfg = Release|Any CPU
		{77B326C1-D0B1-46A5-A40D-15256BC9F0D7}.Release|Any CPU.Build.0 = Release|Any CPU
	EndGlobalSection
	GlobalSection(SolutionProperties) = preSolution
		HideSolutionNode = FALSE
	EndGlobalSection
	GlobalSection(ExtensibilityGlobals) = postSolution
		SolutionGuid = {A6004B92-5EE1-4544-9469-A30A6C8D486F}
	EndGlobalSection
EndGlobal
